
Microsoft Visual Studio Solution File, Format Version 12.00
# Visual Studio 14
VisualStudioVersion = 14.0.25420.1
MinimumVisualStudioVersion = 10.0.40219.1
Project("{2150E333-8FDC-42A3-9474-1A3956D46DE8}") = "Solution Items", "Solution Items", "{2A975622-5F1E-48AA-9DEE-12FC1183D3A6}"
	ProjectSection(SolutionItems) = preProject
		Hyde.vsmdi = Hyde.vsmdi
		Local.testsettings = Local.testsettings
		TraceAndTestImpact.testsettings = TraceAndTestImpact.testsettings
	EndProjectSection
EndProject
Project("{8BB2217D-0F2D-49D1-97BC-3654ED321F3B}") = "Hyde.Core", "Hyde.Core\Hyde.Core.xproj", "{9504FBE5-895B-4745-B13B-470664A670B4}"
EndProject
Project("{8BB2217D-0F2D-49D1-97BC-3654ED321F3B}") = "Hyde.Test.Core", "Hyde.Test.Core\Hyde.Test.Core.xproj", "{D7FB6E33-201D-4D20-B663-09D72C100FA4}"
EndProject
Project("{8BB2217D-0F2D-49D1-97BC-3654ED321F3B}") = "Hyde.IntegrationTest.Core", "Hyde.IntegrationTest.Core\Hyde.IntegrationTest.Core.xproj", "{764D4E97-3FB1-48EE-A89A-19F6C831ECC8}"
EndProject
Global
	GlobalSection(SolutionConfigurationPlatforms) = preSolution
		Debug|Any CPU = Debug|Any CPU
		Release|Any CPU = Release|Any CPU
	EndGlobalSection
	GlobalSection(ProjectConfigurationPlatforms) = postSolution
		{9504FBE5-895B-4745-B13B-470664A670B4}.Debug|Any CPU.ActiveCfg = Debug|Any CPU
		{9504FBE5-895B-4745-B13B-470664A670B4}.Debug|Any CPU.Build.0 = Debug|Any CPU
		{9504FBE5-895B-4745-B13B-470664A670B4}.Release|Any CPU.ActiveCfg = Release|Any CPU
		{9504FBE5-895B-4745-B13B-470664A670B4}.Release|Any CPU.Build.0 = Release|Any CPU
		{D7FB6E33-201D-4D20-B663-09D72C100FA4}.Debug|Any CPU.ActiveCfg = Debug|Any CPU
		{D7FB6E33-201D-4D20-B663-09D72C100FA4}.Debug|Any CPU.Build.0 = Debug|Any CPU
		{D7FB6E33-201D-4D20-B663-09D72C100FA4}.Release|Any CPU.ActiveCfg = Release|Any CPU
		{D7FB6E33-201D-4D20-B663-09D72C100FA4}.Release|Any CPU.Build.0 = Release|Any CPU
		{764D4E97-3FB1-48EE-A89A-19F6C831ECC8}.Debug|Any CPU.ActiveCfg = Debug|Any CPU
		{764D4E97-3FB1-48EE-A89A-19F6C831ECC8}.Debug|Any CPU.Build.0 = Debug|Any CPU
		{764D4E97-3FB1-48EE-A89A-19F6C831ECC8}.Release|Any CPU.ActiveCfg = Release|Any CPU
		{764D4E97-3FB1-48EE-A89A-19F6C831ECC8}.Release|Any CPU.Build.0 = Release|Any CPU
	EndGlobalSection
	GlobalSection(SolutionProperties) = preSolution
		HideSolutionNode = FALSE
	EndGlobalSection
	GlobalSection(ExtensibilityGlobals) = postSolution
		EnterpriseLibraryConfigurationToolBinariesPath = packages\Unity.2.1.505.0\lib\NET35;packages\Unity.2.1.505.2\lib\NET35
	EndGlobalSection
	GlobalSection(TestCaseManagementSettings) = postSolution
		CategoryFile = Hyde.vsmdi
	EndGlobalSection
EndGlobal
