
Microsoft Visual Studio Solution File, Format Version 12.00
# Visual Studio 14
VisualStudioVersion = 14.0.25420.1
MinimumVisualStudioVersion = 10.0.40219.1
Project("{FAE04EC0-301F-11D3-BF4B-00C04F79EFBC}") = "Hyde.Test", "Hyde.Test\Hyde.Test.csproj", "{60A8E03C-D2F0-4C42-92C1-F9C9C574F9DB}"
EndProject
Project("{2150E333-8FDC-42A3-9474-1A3956D46DE8}") = "Solution Items", "Solution Items", "{2A975622-5F1E-48AA-9DEE-12FC1183D3A6}"
	ProjectSection(SolutionItems) = preProject
		Hyde.vsmdi = Hyde.vsmdi
		Local.testsettings = Local.testsettings
		TraceAndTestImpact.testsettings = TraceAndTestImpact.testsettings
	EndProjectSection
EndProject
Project("{FAE04EC0-301F-11D3-BF4B-00C04F79EFBC}") = "Hyde.IntegrationTest", "Hyde.IntegrationTest\Hyde.IntegrationTest.csproj", "{524AFB8F-B6E1-4CAF-91DD-97F1736052F4}"
EndProject
Project("{8BB2217D-0F2D-49D1-97BC-3654ED321F3B}") = "Hyde.Core", "Hyde.Core\Hyde.Core.xproj", "{9504FBE5-895B-4745-B13B-470664A670B4}"
EndProject
Global
	GlobalSection(SolutionConfigurationPlatforms) = preSolution
		Debug|Any CPU = Debug|Any CPU
		Release|Any CPU = Release|Any CPU
	EndGlobalSection
	GlobalSection(ProjectConfigurationPlatforms) = postSolution
		{60A8E03C-D2F0-4C42-92C1-F9C9C574F9DB}.Debug|Any CPU.ActiveCfg = Debug|Any CPU
		{60A8E03C-D2F0-4C42-92C1-F9C9C574F9DB}.Debug|Any CPU.Build.0 = Debug|Any CPU
		{60A8E03C-D2F0-4C42-92C1-F9C9C574F9DB}.Release|Any CPU.ActiveCfg = Release|Any CPU
		{60A8E03C-D2F0-4C42-92C1-F9C9C574F9DB}.Release|Any CPU.Build.0 = Release|Any CPU
		{524AFB8F-B6E1-4CAF-91DD-97F1736052F4}.Debug|Any CPU.ActiveCfg = Debug|Any CPU
		{524AFB8F-B6E1-4CAF-91DD-97F1736052F4}.Debug|Any CPU.Build.0 = Debug|Any CPU
		{524AFB8F-B6E1-4CAF-91DD-97F1736052F4}.Release|Any CPU.ActiveCfg = Release|Any CPU
		{524AFB8F-B6E1-4CAF-91DD-97F1736052F4}.Release|Any CPU.Build.0 = Release|Any CPU
		{9504FBE5-895B-4745-B13B-470664A670B4}.Debug|Any CPU.ActiveCfg = Debug|Any CPU
		{9504FBE5-895B-4745-B13B-470664A670B4}.Debug|Any CPU.Build.0 = Debug|Any CPU
		{9504FBE5-895B-4745-B13B-470664A670B4}.Release|Any CPU.ActiveCfg = Release|Any CPU
		{9504FBE5-895B-4745-B13B-470664A670B4}.Release|Any CPU.Build.0 = Release|Any CPU
	EndGlobalSection
	GlobalSection(SolutionProperties) = preSolution
		HideSolutionNode = FALSE
	EndGlobalSection
	GlobalSection(ExtensibilityGlobals) = postSolution
		EnterpriseLibraryConfigurationToolBinariesPath = packages\Unity.2.1.505.0\lib\NET35;packages\Unity.2.1.505.2\lib\NET35
	EndGlobalSection
	GlobalSection(TestCaseManagementSettings) = postSolution
		CategoryFile = Hyde.vsmdi
	EndGlobalSection
EndGlobal
