
Microsoft Visual Studio Solution File, Format Version 12.00
# Visual Studio 15
VisualStudioVersion = 15.0.26228.9
MinimumVisualStudioVersion = 10.0.40219.1
Project("{9A19103F-16F7-4668-BE54-9A1E7A4F7556}") = "Hyde", "Hyde\Hyde.csproj", "{9504FBE5-895B-4745-B13B-470664A670B4}"
EndProject
Project("{9A19103F-16F7-4668-BE54-9A1E7A4F7556}") = "Hyde.Test", "Hyde.Test\Hyde.Test.csproj", "{D7FB6E33-201D-4D20-B663-09D72C100FA4}"
EndProject
Project("{9A19103F-16F7-4668-BE54-9A1E7A4F7556}") = "Hyde.IntegrationTest", "Hyde.IntegrationTest\Hyde.IntegrationTest.csproj", "{764D4E97-3FB1-48EE-A89A-19F6C831ECC8}"
EndProject
Global
	GlobalSection(SolutionConfigurationPlatforms) = preSolution
		Debug|Any CPU = Debug|Any CPU
		Release|Any CPU = Release|Any CPU
	EndGlobalSection
	GlobalSection(ProjectConfigurationPlatforms) = postSolution
		{9504FBE5-895B-4745-B13B-470664A670B4}.Debug|Any CPU.ActiveCfg = Debug|Any CPU
		{9504FBE5-895B-4745-B13B-470664A670B4}.Debug|Any CPU.Build.0 = Debug|Any CPU
		{9504FBE5-895B-4745-B13B-470664A670B4}.Release|Any CPU.ActiveCfg = Release|Any CPU
		{9504FBE5-895B-4745-B13B-470664A670B4}.Release|Any CPU.Build.0 = Release|Any CPU
		{D7FB6E33-201D-4D20-B663-09D72C100FA4}.Debug|Any CPU.ActiveCfg = Debug|Any CPU
		{D7FB6E33-201D-4D20-B663-09D72C100FA4}.Debug|Any CPU.Build.0 = Debug|Any CPU
		{D7FB6E33-201D-4D20-B663-09D72C100FA4}.Release|Any CPU.ActiveCfg = Release|Any CPU
		{D7FB6E33-201D-4D20-B663-09D72C100FA4}.Release|Any CPU.Build.0 = Release|Any CPU
		{764D4E97-3FB1-48EE-A89A-19F6C831ECC8}.Debug|Any CPU.ActiveCfg = Debug|Any CPU
		{764D4E97-3FB1-48EE-A89A-19F6C831ECC8}.Debug|Any CPU.Build.0 = Debug|Any CPU
		{764D4E97-3FB1-48EE-A89A-19F6C831ECC8}.Release|Any CPU.ActiveCfg = Release|Any CPU
		{764D4E97-3FB1-48EE-A89A-19F6C831ECC8}.Release|Any CPU.Build.0 = Release|Any CPU
	EndGlobalSection
	GlobalSection(SolutionProperties) = preSolution
		HideSolutionNode = FALSE
	EndGlobalSection
	GlobalSection(ExtensibilityGlobals) = postSolution
		EnterpriseLibraryConfigurationToolBinariesPath = packages\Unity.2.1.505.0\lib\NET35;packages\Unity.2.1.505.2\lib\NET35
	EndGlobalSection
	GlobalSection(TestCaseManagementSettings) = postSolution
		CategoryFile = Hyde.vsmdi
	EndGlobalSection
EndGlobal
